
Microsoft Visual Studio Solution File, Format Version 12.00
# Visual Studio Version 16
VisualStudioVersion = 16.0.31005.135
MinimumVisualStudioVersion = 10.0.40219.1
Project("{FAE04EC0-301F-11D3-BF4B-00C04F79EFBC}") = "SpecFlowProjectVisionRt", "SpecFlowProjectVisionRt.csproj", "{3833C207-83FA-41DB-80E0-D54D2ABB238E}"
EndProject
Global
	GlobalSection(SolutionConfigurationPlatforms) = preSolution
		Debug|Any CPU = Debug|Any CPU
		Release|Any CPU = Release|Any CPU
	EndGlobalSection
	GlobalSection(ProjectConfigurationPlatforms) = postSolution
		{3833C207-83FA-41DB-80E0-D54D2ABB238E}.Debug|Any CPU.ActiveCfg = Debug|Any CPU
		{3833C207-83FA-41DB-80E0-D54D2ABB238E}.Debug|Any CPU.Build.0 = Debug|Any CPU
		{3833C207-83FA-41DB-80E0-D54D2ABB238E}.Release|Any CPU.ActiveCfg = Release|Any CPU
		{3833C207-83FA-41DB-80E0-D54D2ABB238E}.Release|Any CPU.Build.0 = Release|Any CPU
	EndGlobalSection
	GlobalSection(SolutionProperties) = preSolution
		HideSolutionNode = FALSE
	EndGlobalSection
	GlobalSection(ExtensibilityGlobals) = postSolution
		SolutionGuid = {B98E79F4-7789-418F-ABCC-ECCCD77AEB2A}
	EndGlobalSection
EndGlobal
